// !$*UTF8*$!
{
	archiveVersion = 1;
	classes = {
	};
	objectVersion = 46;
	objects = {

/* Begin PBXBuildFile section */
		67F37B8C1D11A77600521381 /* main.m in Sources */ = {isa = PBXBuildFile; fileRef = 67F37B8B1D11A77600521381 /* main.m */; };
		67F37B8F1D11A77600521381 /* AppDelegate.m in Sources */ = {isa = PBXBuildFile; fileRef = 67F37B8E1D11A77600521381 /* AppDelegate.m */; };
		67F37B971D11A77600521381 /* Assets.xcassets in Resources */ = {isa = PBXBuildFile; fileRef = 67F37B961D11A77600521381 /* Assets.xcassets */; };
		67F37B9A1D11A77600521381 /* LaunchScreen.storyboard in Resources */ = {isa = PBXBuildFile; fileRef = 67F37B981D11A77600521381 /* LaunchScreen.storyboard */; };
		67F37BBF1D11AA3100521381 /* NSArray+Log.m in Sources */ = {isa = PBXBuildFile; fileRef = 67F37BA81D11AA3100521381 /* NSArray+Log.m */; };
		67F37BC01D11AA3100521381 /* NSAttributedString+CZAdditon.m in Sources */ = {isa = PBXBuildFile; fileRef = 67F37BAA1D11AA3100521381 /* NSAttributedString+CZAdditon.m */; };
		67F37BC11D11AA3100521381 /* NSObject+CZRuntime.m in Sources */ = {isa = PBXBuildFile; fileRef = 67F37BAC1D11AA3100521381 /* NSObject+CZRuntime.m */; };
		67F37BC21D11AA3100521381 /* NSString+CZBase64.m in Sources */ = {isa = PBXBuildFile; fileRef = 67F37BAE1D11AA3100521381 /* NSString+CZBase64.m */; };
		67F37BC31D11AA3100521381 /* NSString+CZHash.m in Sources */ = {isa = PBXBuildFile; fileRef = 67F37BB01D11AA3100521381 /* NSString+CZHash.m */; };
		67F37BC41D11AA3100521381 /* NSString+CZPath.m in Sources */ = {isa = PBXBuildFile; fileRef = 67F37BB21D11AA3100521381 /* NSString+CZPath.m */; };
		67F37BC51D11AA3100521381 /* UIButton+CZAddition.m in Sources */ = {isa = PBXBuildFile; fileRef = 67F37BB41D11AA3100521381 /* UIButton+CZAddition.m */; };
		67F37BC61D11AA3100521381 /* UIColor+CZAddition.m in Sources */ = {isa = PBXBuildFile; fileRef = 67F37BB61D11AA3100521381 /* UIColor+CZAddition.m */; };
		67F37BC71D11AA3100521381 /* UILabel+CZAddition.m in Sources */ = {isa = PBXBuildFile; fileRef = 67F37BB81D11AA3100521381 /* UILabel+CZAddition.m */; };
		67F37BC81D11AA3100521381 /* UIScreen+CZAddition.m in Sources */ = {isa = PBXBuildFile; fileRef = 67F37BBA1D11AA3100521381 /* UIScreen+CZAddition.m */; };
		67F37BC91D11AA3100521381 /* UIView+CZAddition.m in Sources */ = {isa = PBXBuildFile; fileRef = 67F37BBC1D11AA3100521381 /* UIView+CZAddition.m */; };
		67F37BCA1D11AA3100521381 /* UIViewController+CZAddition.m in Sources */ = {isa = PBXBuildFile; fileRef = 67F37BBE1D11AA3100521381 /* UIViewController+CZAddition.m */; };
		67F37BCD1D11AAFF00521381 /* WYHomeViewController.m in Sources */ = {isa = PBXBuildFile; fileRef = 67F37BCC1D11AAFF00521381 /* WYHomeViewController.m */; };
		67F37BD01D11AB3C00521381 /* WYMainViewController.m in Sources */ = {isa = PBXBuildFile; fileRef = 67F37BCF1D11AB3C00521381 /* WYMainViewController.m */; };
		C9336898BFC88BD2E106C88D /* libPods-网易新闻.a in Frameworks */ = {isa = PBXBuildFile; fileRef = 929D39164572139AD446ACA5 /* libPods-网易新闻.a */; };
/* End PBXBuildFile section */

/* Begin PBXFileReference section */
		4F15C371F7F02365BAD4A2AC /* Pods-网易新闻.debug.xcconfig */ = {isa = PBXFileReference; includeInIndex = 1; lastKnownFileType = text.xcconfig; name = "Pods-网易新闻.debug.xcconfig"; path = "Pods/Target Support Files/Pods-网易新闻/Pods-网易新闻.debug.xcconfig"; sourceTree = "<group>"; };
		67F37B871D11A77600521381 /* 网易新闻.app */ = {isa = PBXFileReference; explicitFileType = wrapper.application; includeInIndex = 0; path = "网易新闻.app"; sourceTree = BUILT_PRODUCTS_DIR; };
		67F37B8B1D11A77600521381 /* main.m */ = {isa = PBXFileReference; lastKnownFileType = sourcecode.c.objc; path = main.m; sourceTree = "<group>"; };
		67F37B8D1D11A77600521381 /* AppDelegate.h */ = {isa = PBXFileReference; lastKnownFileType = sourcecode.c.h; path = AppDelegate.h; sourceTree = "<group>"; };
		67F37B8E1D11A77600521381 /* AppDelegate.m */ = {isa = PBXFileReference; lastKnownFileType = sourcecode.c.objc; path = AppDelegate.m; sourceTree = "<group>"; };
		67F37B961D11A77600521381 /* Assets.xcassets */ = {isa = PBXFileReference; lastKnownFileType = folder.assetcatalog; path = Assets.xcassets; sourceTree = "<group>"; };
		67F37B991D11A77600521381 /* Base */ = {isa = PBXFileReference; lastKnownFileType = file.storyboard; name = Base; path = Base.lproj/LaunchScreen.storyboard; sourceTree = "<group>"; };
		67F37B9B1D11A77600521381 /* Info.plist */ = {isa = PBXFileReference; lastKnownFileType = text.plist.xml; path = Info.plist; sourceTree = "<group>"; };
		67F37BA61D11AA3100521381 /* CZAdditions.h */ = {isa = PBXFileReference; fileEncoding = 4; lastKnownFileType = sourcecode.c.h; path = CZAdditions.h; sourceTree = "<group>"; };
		67F37BA71D11AA3100521381 /* NSArray+Log.h */ = {isa = PBXFileReference; fileEncoding = 4; lastKnownFileType = sourcecode.c.h; path = "NSArray+Log.h"; sourceTree = "<group>"; };
		67F37BA81D11AA3100521381 /* NSArray+Log.m */ = {isa = PBXFileReference; fileEncoding = 4; lastKnownFileType = sourcecode.c.objc; path = "NSArray+Log.m"; sourceTree = "<group>"; };
		67F37BA91D11AA3100521381 /* NSAttributedString+CZAdditon.h */ = {isa = PBXFileReference; fileEncoding = 4; lastKnownFileType = sourcecode.c.h; path = "NSAttributedString+CZAdditon.h"; sourceTree = "<group>"; };
		67F37BAA1D11AA3100521381 /* NSAttributedString+CZAdditon.m */ = {isa = PBXFileReference; fileEncoding = 4; lastKnownFileType = sourcecode.c.objc; path = "NSAttributedString+CZAdditon.m"; sourceTree = "<group>"; };
		67F37BAB1D11AA3100521381 /* NSObject+CZRuntime.h */ = {isa = PBXFileReference; fileEncoding = 4; lastKnownFileType = sourcecode.c.h; path = "NSObject+CZRuntime.h"; sourceTree = "<group>"; };
		67F37BAC1D11AA3100521381 /* NSObject+CZRuntime.m */ = {isa = PBXFileReference; fileEncoding = 4; lastKnownFileType = sourcecode.c.objc; path = "NSObject+CZRuntime.m"; sourceTree = "<group>"; };
		67F37BAD1D11AA3100521381 /* NSString+CZBase64.h */ = {isa = PBXFileReference; fileEncoding = 4; lastKnownFileType = sourcecode.c.h; path = "NSString+CZBase64.h"; sourceTree = "<group>"; };
		67F37BAE1D11AA3100521381 /* NSString+CZBase64.m */ = {isa = PBXFileReference; fileEncoding = 4; lastKnownFileType = sourcecode.c.objc; path = "NSString+CZBase64.m"; sourceTree = "<group>"; };
		67F37BAF1D11AA3100521381 /* NSString+CZHash.h */ = {isa = PBXFileReference; fileEncoding = 4; lastKnownFileType = sourcecode.c.h; path = "NSString+CZHash.h"; sourceTree = "<group>"; };
		67F37BB01D11AA3100521381 /* NSString+CZHash.m */ = {isa = PBXFileReference; fileEncoding = 4; lastKnownFileType = sourcecode.c.objc; path = "NSString+CZHash.m"; sourceTree = "<group>"; };
		67F37BB11D11AA3100521381 /* NSString+CZPath.h */ = {isa = PBXFileReference; fileEncoding = 4; lastKnownFileType = sourcecode.c.h; path = "NSString+CZPath.h"; sourceTree = "<group>"; };
		67F37BB21D11AA3100521381 /* NSString+CZPath.m */ = {isa = PBXFileReference; fileEncoding = 4; lastKnownFileType = sourcecode.c.objc; path = "NSString+CZPath.m"; sourceTree = "<group>"; };
		67F37BB31D11AA3100521381 /* UIButton+CZAddition.h */ = {isa = PBXFileReference; fileEncoding = 4; lastKnownFileType = sourcecode.c.h; path = "UIButton+CZAddition.h"; sourceTree = "<group>"; };
		67F37BB41D11AA3100521381 /* UIButton+CZAddition.m */ = {isa = PBXFileReference; fileEncoding = 4; lastKnownFileType = sourcecode.c.objc; path = "UIButton+CZAddition.m"; sourceTree = "<group>"; };
		67F37BB51D11AA3100521381 /* UIColor+CZAddition.h */ = {isa = PBXFileReference; fileEncoding = 4; lastKnownFileType = sourcecode.c.h; path = "UIColor+CZAddition.h"; sourceTree = "<group>"; };
		67F37BB61D11AA3100521381 /* UIColor+CZAddition.m */ = {isa = PBXFileReference; fileEncoding = 4; lastKnownFileType = sourcecode.c.objc; path = "UIColor+CZAddition.m"; sourceTree = "<group>"; };
		67F37BB71D11AA3100521381 /* UILabel+CZAddition.h */ = {isa = PBXFileReference; fileEncoding = 4; lastKnownFileType = sourcecode.c.h; path = "UILabel+CZAddition.h"; sourceTree = "<group>"; };
		67F37BB81D11AA3100521381 /* UILabel+CZAddition.m */ = {isa = PBXFileReference; fileEncoding = 4; lastKnownFileType = sourcecode.c.objc; path = "UILabel+CZAddition.m"; sourceTree = "<group>"; };
		67F37BB91D11AA3100521381 /* UIScreen+CZAddition.h */ = {isa = PBXFileReference; fileEncoding = 4; lastKnownFileType = sourcecode.c.h; path = "UIScreen+CZAddition.h"; sourceTree = "<group>"; };
		67F37BBA1D11AA3100521381 /* UIScreen+CZAddition.m */ = {isa = PBXFileReference; fileEncoding = 4; lastKnownFileType = sourcecode.c.objc; path = "UIScreen+CZAddition.m"; sourceTree = "<group>"; };
		67F37BBB1D11AA3100521381 /* UIView+CZAddition.h */ = {isa = PBXFileReference; fileEncoding = 4; lastKnownFileType = sourcecode.c.h; path = "UIView+CZAddition.h"; sourceTree = "<group>"; };
		67F37BBC1D11AA3100521381 /* UIView+CZAddition.m */ = {isa = PBXFileReference; fileEncoding = 4; lastKnownFileType = sourcecode.c.objc; path = "UIView+CZAddition.m"; sourceTree = "<group>"; };
		67F37BBD1D11AA3100521381 /* UIViewController+CZAddition.h */ = {isa = PBXFileReference; fileEncoding = 4; lastKnownFileType = sourcecode.c.h; path = "UIViewController+CZAddition.h"; sourceTree = "<group>"; };
		67F37BBE1D11AA3100521381 /* UIViewController+CZAddition.m */ = {isa = PBXFileReference; fileEncoding = 4; lastKnownFileType = sourcecode.c.objc; path = "UIViewController+CZAddition.m"; sourceTree = "<group>"; };
		67F37BCB1D11AAFF00521381 /* WYHomeViewController.h */ = {isa = PBXFileReference; fileEncoding = 4; lastKnownFileType = sourcecode.c.h; path = WYHomeViewController.h; sourceTree = "<group>"; };
		67F37BCC1D11AAFF00521381 /* WYHomeViewController.m */ = {isa = PBXFileReference; fileEncoding = 4; lastKnownFileType = sourcecode.c.objc; path = WYHomeViewController.m; sourceTree = "<group>"; };
		67F37BCE1D11AB3C00521381 /* WYMainViewController.h */ = {isa = PBXFileReference; fileEncoding = 4; lastKnownFileType = sourcecode.c.h; path = WYMainViewController.h; sourceTree = "<group>"; };
		67F37BCF1D11AB3C00521381 /* WYMainViewController.m */ = {isa = PBXFileReference; fileEncoding = 4; lastKnownFileType = sourcecode.c.objc; path = WYMainViewController.m; sourceTree = "<group>"; };
		67F37BD11D11B1A500521381 /* WYPrefix.pch */ = {isa = PBXFileReference; lastKnownFileType = sourcecode.c.h; name = WYPrefix.pch; path = Classes/WYPrefix.pch; sourceTree = "<group>"; };
		929D39164572139AD446ACA5 /* libPods-网易新闻.a */ = {isa = PBXFileReference; explicitFileType = archive.ar; includeInIndex = 0; path = "libPods-网易新闻.a"; sourceTree = BUILT_PRODUCTS_DIR; };
		FA4EDE7B8D016C18490B676C /* Pods-网易新闻.release.xcconfig */ = {isa = PBXFileReference; includeInIndex = 1; lastKnownFileType = text.xcconfig; name = "Pods-网易新闻.release.xcconfig"; path = "Pods/Target Support Files/Pods-网易新闻/Pods-网易新闻.release.xcconfig"; sourceTree = "<group>"; };
/* End PBXFileReference section */

/* Begin PBXFrameworksBuildPhase section */
		67F37B841D11A77600521381 /* Frameworks */ = {
			isa = PBXFrameworksBuildPhase;
			buildActionMask = 2147483647;
			files = (
				C9336898BFC88BD2E106C88D /* libPods-网易新闻.a in Frameworks */,
			);
			runOnlyForDeploymentPostprocessing = 0;
		};
/* End PBXFrameworksBuildPhase section */

/* Begin PBXGroup section */
		3BFEB7D0E947D9BE195FC64E /* Pods */ = {
			isa = PBXGroup;
			children = (
				4F15C371F7F02365BAD4A2AC /* Pods-网易新闻.debug.xcconfig */,
				FA4EDE7B8D016C18490B676C /* Pods-网易新闻.release.xcconfig */,
			);
			name = Pods;
			sourceTree = "<group>";
		};
		67F37B7E1D11A77600521381 = {
			isa = PBXGroup;
			children = (
				67F37B891D11A77600521381 /* 网易新闻 */,
				67F37B881D11A77600521381 /* Products */,
				3BFEB7D0E947D9BE195FC64E /* Pods */,
				9685E9F2FC9F0DB2C7A00891 /* Frameworks */,
			);
			sourceTree = "<group>";
		};
		67F37B881D11A77600521381 /* Products */ = {
			isa = PBXGroup;
			children = (
				67F37B871D11A77600521381 /* 网易新闻.app */,
			);
			name = Products;
			sourceTree = "<group>";
		};
		67F37B891D11A77600521381 /* 网易新闻 */ = {
			isa = PBXGroup;
			children = (
				67F37B8D1D11A77600521381 /* AppDelegate.h */,
				67F37B8E1D11A77600521381 /* AppDelegate.m */,
				67F37BA11D11A9CB00521381 /* Classes */,
				67F37BA41D11A9E500521381 /* Tools */,
				67F37B8A1D11A77600521381 /* Supporting Files */,
			);
			path = "网易新闻";
			sourceTree = "<group>";
		};
		67F37B8A1D11A77600521381 /* Supporting Files */ = {
			isa = PBXGroup;
			children = (
				67F37B961D11A77600521381 /* Assets.xcassets */,
				67F37B981D11A77600521381 /* LaunchScreen.storyboard */,
				67F37B9B1D11A77600521381 /* Info.plist */,
				67F37B8B1D11A77600521381 /* main.m */,
				67F37BD11D11B1A500521381 /* WYPrefix.pch */,
			);
			name = "Supporting Files";
			sourceTree = "<group>";
		};
		67F37BA11D11A9CB00521381 /* Classes */ = {
			isa = PBXGroup;
			children = (
				67F37BA21D11A9CB00521381 /* Home */,
				67F37BA31D11A9CB00521381 /* Main */,
			);
			path = Classes;
			sourceTree = "<group>";
		};
		67F37BA21D11A9CB00521381 /* Home */ = {
			isa = PBXGroup;
			children = (
				67F37BCB1D11AAFF00521381 /* WYHomeViewController.h */,
				67F37BCC1D11AAFF00521381 /* WYHomeViewController.m */,
			);
			path = Home;
			sourceTree = "<group>";
		};
		67F37BA31D11A9CB00521381 /* Main */ = {
			isa = PBXGroup;
			children = (
				67F37BCE1D11AB3C00521381 /* WYMainViewController.h */,
				67F37BCF1D11AB3C00521381 /* WYMainViewController.m */,
			);
			path = Main;
			sourceTree = "<group>";
		};
		67F37BA41D11A9E500521381 /* Tools */ = {
			isa = PBXGroup;
			children = (
				67F37BA51D11AA3100521381 /* Additions */,
			);
			path = Tools;
			sourceTree = "<group>";
		};
		67F37BA51D11AA3100521381 /* Additions */ = {
			isa = PBXGroup;
			children = (
				67F37BA61D11AA3100521381 /* CZAdditions.h */,
				67F37BA71D11AA3100521381 /* NSArray+Log.h */,
				67F37BA81D11AA3100521381 /* NSArray+Log.m */,
				67F37BA91D11AA3100521381 /* NSAttributedString+CZAdditon.h */,
				67F37BAA1D11AA3100521381 /* NSAttributedString+CZAdditon.m */,
				67F37BAB1D11AA3100521381 /* NSObject+CZRuntime.h */,
				67F37BAC1D11AA3100521381 /* NSObject+CZRuntime.m */,
				67F37BAD1D11AA3100521381 /* NSString+CZBase64.h */,
				67F37BAE1D11AA3100521381 /* NSString+CZBase64.m */,
				67F37BAF1D11AA3100521381 /* NSString+CZHash.h */,
				67F37BB01D11AA3100521381 /* NSString+CZHash.m */,
				67F37BB11D11AA3100521381 /* NSString+CZPath.h */,
				67F37BB21D11AA3100521381 /* NSString+CZPath.m */,
				67F37BB31D11AA3100521381 /* UIButton+CZAddition.h */,
				67F37BB41D11AA3100521381 /* UIButton+CZAddition.m */,
				67F37BB51D11AA3100521381 /* UIColor+CZAddition.h */,
				67F37BB61D11AA3100521381 /* UIColor+CZAddition.m */,
				67F37BB71D11AA3100521381 /* UILabel+CZAddition.h */,
				67F37BB81D11AA3100521381 /* UILabel+CZAddition.m */,
				67F37BB91D11AA3100521381 /* UIScreen+CZAddition.h */,
				67F37BBA1D11AA3100521381 /* UIScreen+CZAddition.m */,
				67F37BBB1D11AA3100521381 /* UIView+CZAddition.h */,
				67F37BBC1D11AA3100521381 /* UIView+CZAddition.m */,
				67F37BBD1D11AA3100521381 /* UIViewController+CZAddition.h */,
				67F37BBE1D11AA3100521381 /* UIViewController+CZAddition.m */,
			);
			name = Additions;
			path = "../../../../03-多线程网络/03-多线程网络-第14天（FMDB&网易新闻）/02-其他资源/01-素材/Additions";
			sourceTree = "<group>";
		};
		9685E9F2FC9F0DB2C7A00891 /* Frameworks */ = {
			isa = PBXGroup;
			children = (
				929D39164572139AD446ACA5 /* libPods-网易新闻.a */,
			);
			name = Frameworks;
			sourceTree = "<group>";
		};
/* End PBXGroup section */

/* Begin PBXNativeTarget section */
		67F37B861D11A77600521381 /* 网易新闻 */ = {
			isa = PBXNativeTarget;
			buildConfigurationList = 67F37B9E1D11A77600521381 /* Build configuration list for PBXNativeTarget "网易新闻" */;
			buildPhases = (
				BBDB27E6E9C191786AAA1B09 /* 📦 Check Pods Manifest.lock */,
				67F37B831D11A77600521381 /* Sources */,
				67F37B841D11A77600521381 /* Frameworks */,
				67F37B851D11A77600521381 /* Resources */,
				748C2141BBF50F9092273355 /* 📦 Embed Pods Frameworks */,
				0825B605655C7EDE1261B521 /* 📦 Copy Pods Resources */,
			);
			buildRules = (
			);
			dependencies = (
			);
			name = "网易新闻";
			productName = "网易新闻";
			productReference = 67F37B871D11A77600521381 /* 网易新闻.app */;
			productType = "com.apple.product-type.application";
		};
/* End PBXNativeTarget section */

/* Begin PBXProject section */
		67F37B7F1D11A77600521381 /* Project object */ = {
			isa = PBXProject;
			attributes = {
				CLASSPREFIX = WY;
				LastUpgradeCheck = 0730;
				ORGANIZATIONNAME = "张玺科";
				TargetAttributes = {
					67F37B861D11A77600521381 = {
						CreatedOnToolsVersion = 7.3.1;
					};
				};
			};
			buildConfigurationList = 67F37B821D11A77600521381 /* Build configuration list for PBXProject "网易新闻" */;
			compatibilityVersion = "Xcode 3.2";
			developmentRegion = English;
			hasScannedForEncodings = 0;
			knownRegions = (
				en,
				Base,
			);
			mainGroup = 67F37B7E1D11A77600521381;
			productRefGroup = 67F37B881D11A77600521381 /* Products */;
			projectDirPath = "";
			projectRoot = "";
			targets = (
				67F37B861D11A77600521381 /* 网易新闻 */,
			);
		};
/* End PBXProject section */

/* Begin PBXResourcesBuildPhase section */
		67F37B851D11A77600521381 /* Resources */ = {
			isa = PBXResourcesBuildPhase;
			buildActionMask = 2147483647;
			files = (
				67F37B9A1D11A77600521381 /* LaunchScreen.storyboard in Resources */,
				67F37B971D11A77600521381 /* Assets.xcassets in Resources */,
			);
			runOnlyForDeploymentPostprocessing = 0;
		};
/* End PBXResourcesBuildPhase section */

/* Begin PBXShellScriptBuildPhase section */
		0825B605655C7EDE1261B521 /* 📦 Copy Pods Resources */ = {
			isa = PBXShellScriptBuildPhase;
			buildActionMask = 2147483647;
			files = (
			);
			inputPaths = (
			);
			name = "📦 Copy Pods Resources";
			outputPaths = (
			);
			runOnlyForDeploymentPostprocessing = 0;
			shellPath = /bin/sh;
			shellScript = "\"${SRCROOT}/Pods/Target Support Files/Pods-网易新闻/Pods-网易新闻-resources.sh\"\n";
			showEnvVarsInLog = 0;
		};
		748C2141BBF50F9092273355 /* 📦 Embed Pods Frameworks */ = {
			isa = PBXShellScriptBuildPhase;
			buildActionMask = 2147483647;
			files = (
			);
			inputPaths = (
			);
			name = "📦 Embed Pods Frameworks";
			outputPaths = (
			);
			runOnlyForDeploymentPostprocessing = 0;
			shellPath = /bin/sh;
			shellScript = "\"${SRCROOT}/Pods/Target Support Files/Pods-网易新闻/Pods-网易新闻-frameworks.sh\"\n";
			showEnvVarsInLog = 0;
		};
		BBDB27E6E9C191786AAA1B09 /* 📦 Check Pods Manifest.lock */ = {
			isa = PBXShellScriptBuildPhase;
			buildActionMask = 2147483647;
			files = (
			);
			inputPaths = (
			);
			name = "📦 Check Pods Manifest.lock";
			outputPaths = (
			);
			runOnlyForDeploymentPostprocessing = 0;
			shellPath = /bin/sh;
			shellScript = "diff \"${PODS_ROOT}/../Podfile.lock\" \"${PODS_ROOT}/Manifest.lock\" > /dev/null\nif [[ $? != 0 ]] ; then\n    cat << EOM\nerror: The sandbox is not in sync with the Podfile.lock. Run 'pod install' or update your CocoaPods installation.\nEOM\n    exit 1\nfi\n";
			showEnvVarsInLog = 0;
		};
/* End PBXShellScriptBuildPhase section */

/* Begin PBXSourcesBuildPhase section */
		67F37B831D11A77600521381 /* Sources */ = {
			isa = PBXSourcesBuildPhase;
			buildActionMask = 2147483647;
			files = (
				67F37BC61D11AA3100521381 /* UIColor+CZAddition.m in Sources */,
				67F37BC01D11AA3100521381 /* NSAttributedString+CZAdditon.m in Sources */,
				67F37BC41D11AA3100521381 /* NSString+CZPath.m in Sources */,
				67F37BBF1D11AA3100521381 /* NSArray+Log.m in Sources */,
				67F37B8F1D11A77600521381 /* AppDelegate.m in Sources */,
				67F37BD01D11AB3C00521381 /* WYMainViewController.m in Sources */,
				67F37BC51D11AA3100521381 /* UIButton+CZAddition.m in Sources */,
				67F37BC91D11AA3100521381 /* UIView+CZAddition.m in Sources */,
				67F37BC31D11AA3100521381 /* NSString+CZHash.m in Sources */,
				67F37BC71D11AA3100521381 /* UILabel+CZAddition.m in Sources */,
				67F37BCD1D11AAFF00521381 /* WYHomeViewController.m in Sources */,
				67F37BC21D11AA3100521381 /* NSString+CZBase64.m in Sources */,
				67F37BC11D11AA3100521381 /* NSObject+CZRuntime.m in Sources */,
				67F37BCA1D11AA3100521381 /* UIViewController+CZAddition.m in Sources */,
				67F37BC81D11AA3100521381 /* UIScreen+CZAddition.m in Sources */,
				67F37B8C1D11A77600521381 /* main.m in Sources */,
			);
			runOnlyForDeploymentPostprocessing = 0;
		};
/* End PBXSourcesBuildPhase section */

/* Begin PBXVariantGroup section */
		67F37B981D11A77600521381 /* LaunchScreen.storyboard */ = {
			isa = PBXVariantGroup;
			children = (
				67F37B991D11A77600521381 /* Base */,
			);
			name = LaunchScreen.storyboard;
			sourceTree = "<group>";
		};
/* End PBXVariantGroup section */

/* Begin XCBuildConfiguration section */
		67F37B9C1D11A77600521381 /* Debug */ = {
			isa = XCBuildConfiguration;
			buildSettings = {
				ALWAYS_SEARCH_USER_PATHS = NO;
				CLANG_ANALYZER_NONNULL = YES;
				CLANG_CXX_LANGUAGE_STANDARD = "gnu++0x";
				CLANG_CXX_LIBRARY = "libc++";
				CLANG_ENABLE_MODULES = YES;
				CLANG_ENABLE_OBJC_ARC = YES;
				CLANG_WARN_BOOL_CONVERSION = YES;
				CLANG_WARN_CONSTANT_CONVERSION = YES;
				CLANG_WARN_DIRECT_OBJC_ISA_USAGE = YES_ERROR;
				CLANG_WARN_EMPTY_BODY = YES;
				CLANG_WARN_ENUM_CONVERSION = YES;
				CLANG_WARN_INT_CONVERSION = YES;
				CLANG_WARN_OBJC_ROOT_CLASS = YES_ERROR;
				CLANG_WARN_UNREACHABLE_CODE = YES;
				CLANG_WARN__DUPLICATE_METHOD_MATCH = YES;
				"CODE_SIGN_IDENTITY[sdk=iphoneos*]" = "iPhone Developer";
				COPY_PHASE_STRIP = NO;
				DEBUG_INFORMATION_FORMAT = dwarf;
				ENABLE_STRICT_OBJC_MSGSEND = YES;
				ENABLE_TESTABILITY = YES;
				GCC_C_LANGUAGE_STANDARD = gnu99;
				GCC_DYNAMIC_NO_PIC = NO;
				GCC_NO_COMMON_BLOCKS = YES;
				GCC_OPTIMIZATION_LEVEL = 0;
				GCC_PREPROCESSOR_DEFINITIONS = (
					"DEBUG=1",
					"$(inherited)",
				);
				GCC_WARN_64_TO_32_BIT_CONVERSION = YES;
				GCC_WARN_ABOUT_RETURN_TYPE = YES_ERROR;
				GCC_WARN_UNDECLARED_SELECTOR = YES;
				GCC_WARN_UNINITIALIZED_AUTOS = YES_AGGRESSIVE;
				GCC_WARN_UNUSED_FUNCTION = YES;
				GCC_WARN_UNUSED_VARIABLE = YES;
				IPHONEOS_DEPLOYMENT_TARGET = 9.3;
				MTL_ENABLE_DEBUG_INFO = YES;
				ONLY_ACTIVE_ARCH = YES;
				SDKROOT = iphoneos;
			};
			name = Debug;
		};
		67F37B9D1D11A77600521381 /* Release */ = {
			isa = XCBuildConfiguration;
			buildSettings = {
				ALWAYS_SEARCH_USER_PATHS = NO;
				CLANG_ANALYZER_NONNULL = YES;
				CLANG_CXX_LANGUAGE_STANDARD = "gnu++0x";
				CLANG_CXX_LIBRARY = "libc++";
				CLANG_ENABLE_MODULES = YES;
				CLANG_ENABLE_OBJC_ARC = YES;
				CLANG_WARN_BOOL_CONVERSION = YES;
				CLANG_WARN_CONSTANT_CONVERSION = YES;
				CLANG_WARN_DIRECT_OBJC_ISA_USAGE = YES_ERROR;
				CLANG_WARN_EMPTY_BODY = YES;
				CLANG_WARN_ENUM_CONVERSION = YES;
				CLANG_WARN_INT_CONVERSION = YES;
				CLANG_WARN_OBJC_ROOT_CLASS = YES_ERROR;
				CLANG_WARN_UNREACHABLE_CODE = YES;
				CLANG_WARN__DUPLICATE_METHOD_MATCH = YES;
				"CODE_SIGN_IDENTITY[sdk=iphoneos*]" = "iPhone Developer";
				COPY_PHASE_STRIP = NO;
				DEBUG_INFORMATION_FORMAT = "dwarf-with-dsym";
				ENABLE_NS_ASSERTIONS = NO;
				ENABLE_STRICT_OBJC_MSGSEND = YES;
				GCC_C_LANGUAGE_STANDARD = gnu99;
				GCC_NO_COMMON_BLOCKS = YES;
				GCC_WARN_64_TO_32_BIT_CONVERSION = YES;
				GCC_WARN_ABOUT_RETURN_TYPE = YES_ERROR;
				GCC_WARN_UNDECLARED_SELECTOR = YES;
				GCC_WARN_UNINITIALIZED_AUTOS = YES_AGGRESSIVE;
				GCC_WARN_UNUSED_FUNCTION = YES;
				GCC_WARN_UNUSED_VARIABLE = YES;
				IPHONEOS_DEPLOYMENT_TARGET = 9.3;
				MTL_ENABLE_DEBUG_INFO = NO;
				SDKROOT = iphoneos;
				VALIDATE_PRODUCT = YES;
			};
			name = Release;
		};
		67F37B9F1D11A77600521381 /* Debug */ = {
			isa = XCBuildConfiguration;
			baseConfigurationReference = 4F15C371F7F02365BAD4A2AC /* Pods-网易新闻.debug.xcconfig */;
			buildSettings = {
				ASSETCATALOG_COMPILER_APPICON_NAME = AppIcon;
				INFOPLIST_FILE = "网易新闻/Info.plist";
				IPHONEOS_DEPLOYMENT_TARGET = 8.0;
				LD_RUNPATH_SEARCH_PATHS = "$(inherited) @executable_path/Frameworks";
				PRODUCT_BUNDLE_IDENTIFIER = "com.405034849-qq.----";
				PRODUCT_NAME = "$(TARGET_NAME)";
			};
			name = Debug;
		};
		67F37BA01D11A77600521381 /* Release */ = {
			isa = XCBuildConfiguration;
			baseConfigurationReference = FA4EDE7B8D016C18490B676C /* Pods-网易新闻.release.xcconfig */;
			buildSettings = {
				ASSETCATALOG_COMPILER_APPICON_NAME = AppIcon;
				INFOPLIST_FILE = "网易新闻/Info.plist";
				IPHONEOS_DEPLOYMENT_TARGET = 8.0;
				LD_RUNPATH_SEARCH_PATHS = "$(inherited) @executable_path/Frameworks";
				PRODUCT_BUNDLE_IDENTIFIER = "com.405034849-qq.----";
				PRODUCT_NAME = "$(TARGET_NAME)";
			};
			name = Release;
		};
/* End XCBuildConfiguration section */

/* Begin XCConfigurationList section */
		67F37B821D11A77600521381 /* Build configuration list for PBXProject "网易新闻" */ = {
			isa = XCConfigurationList;
			buildConfigurations = (
				67F37B9C1D11A77600521381 /* Debug */,
				67F37B9D1D11A77600521381 /* Release */,
			);
			defaultConfigurationIsVisible = 0;
			defaultConfigurationName = Release;
		};
		67F37B9E1D11A77600521381 /* Build configuration list for PBXNativeTarget "网易新闻" */ = {
			isa = XCConfigurationList;
			buildConfigurations = (
				67F37B9F1D11A77600521381 /* Debug */,
				67F37BA01D11A77600521381 /* Release */,
			);
			defaultConfigurationIsVisible = 0;
			defaultConfigurationName = Release;
		};
/* End XCConfigurationList section */
	};
	rootObject = 67F37B7F1D11A77600521381 /* Project object */;
}
